// !$*UTF8*$!
{
	archiveVersion = 1;
	classes = {
	};
	objectVersion = 56;
	objects = {

/* Begin PBXBuildFile section */
		C48F1FDE68E5B1B736E366B7 /* Pods_OlySupapp.framework in Frameworks */ = {isa = PBXBuildFile; fileRef = 90D1918C7B4D5D7B0D307747 /* Pods_OlySupapp.framework */; };
		E1C18D342C6C949C00E27555 /* AppDelegate.swift in Sources */ = {isa = PBXBuildFile; fileRef = E1C18D332C6C949C00E27555 /* AppDelegate.swift */; };
		E1C18D362C6C949C00E27555 /* SceneDelegate.swift in Sources */ = {isa = PBXBuildFile; fileRef = E1C18D352C6C949C00E27555 /* SceneDelegate.swift */; };
		E1C18D382C6C949C00E27555 /* ViewController.swift in Sources */ = {isa = PBXBuildFile; fileRef = E1C18D372C6C949C00E27555 /* ViewController.swift */; };
		E1C18D3B2C6C949C00E27555 /* Main.storyboard in Resources */ = {isa = PBXBuildFile; fileRef = E1C18D392C6C949C00E27555 /* Main.storyboard */; };
		E1C18D3D2C6C949E00E27555 /* Assets.xcassets in Resources */ = {isa = PBXBuildFile; fileRef = E1C18D3C2C6C949E00E27555 /* Assets.xcassets */; };
		E1C18D402C6C949E00E27555 /* LaunchScreen.storyboard in Resources */ = {isa = PBXBuildFile; fileRef = E1C18D3E2C6C949E00E27555 /* LaunchScreen.storyboard */; };
		E1C18D482C6CD72800E27555 /* MainViewController.swift in Sources */ = {isa = PBXBuildFile; fileRef = E1C18D472C6CD72800E27555 /* MainViewController.swift */; };
		E1C18D4F2C6CE6BA00E27555 /* DescViewController.swift in Sources */ = {isa = PBXBuildFile; fileRef = E1C18D4E2C6CE6BA00E27555 /* DescViewController.swift */; };
/* End PBXBuildFile section */

/* Begin PBXFileReference section */
		343E5F1F88670BB5D8BFE46E /* Pods-OlySupapp.release.xcconfig */ = {isa = PBXFileReference; includeInIndex = 1; lastKnownFileType = text.xcconfig; name = "Pods-OlySupapp.release.xcconfig"; path = "Target Support Files/Pods-OlySupapp/Pods-OlySupapp.release.xcconfig"; sourceTree = "<group>"; };
		6E694E4C9F768B2CE78B158B /* Pods-OlySupapp.debug.xcconfig */ = {isa = PBXFileReference; includeInIndex = 1; lastKnownFileType = text.xcconfig; name = "Pods-OlySupapp.debug.xcconfig"; path = "Target Support Files/Pods-OlySupapp/Pods-OlySupapp.debug.xcconfig"; sourceTree = "<group>"; };
		90D1918C7B4D5D7B0D307747 /* Pods_OlySupapp.framework */ = {isa = PBXFileReference; explicitFileType = wrapper.framework; includeInIndex = 0; path = Pods_OlySupapp.framework; sourceTree = BUILT_PRODUCTS_DIR; };
		E1C18D302C6C949C00E27555 /* OlySupapp.app */ = {isa = PBXFileReference; explicitFileType = wrapper.application; includeInIndex = 0; path = OlySupapp.app; sourceTree = BUILT_PRODUCTS_DIR; };
		E1C18D332C6C949C00E27555 /* AppDelegate.swift */ = {isa = PBXFileReference; lastKnownFileType = sourcecode.swift; path = AppDelegate.swift; sourceTree = "<group>"; };
		E1C18D352C6C949C00E27555 /* SceneDelegate.swift */ = {isa = PBXFileReference; lastKnownFileType = sourcecode.swift; path = SceneDelegate.swift; sourceTree = "<group>"; };
		E1C18D372C6C949C00E27555 /* ViewController.swift */ = {isa = PBXFileReference; lastKnownFileType = sourcecode.swift; path = ViewController.swift; sourceTree = "<group>"; };
		E1C18D3A2C6C949C00E27555 /* Base */ = {isa = PBXFileReference; lastKnownFileType = file.storyboard; name = Base; path = Base.lproj/Main.storyboard; sourceTree = "<group>"; };
		E1C18D3C2C6C949E00E27555 /* Assets.xcassets */ = {isa = PBXFileReference; lastKnownFileType = folder.assetcatalog; path = Assets.xcassets; sourceTree = "<group>"; };
		E1C18D3F2C6C949E00E27555 /* Base */ = {isa = PBXFileReference; lastKnownFileType = file.storyboard; name = Base; path = Base.lproj/LaunchScreen.storyboard; sourceTree = "<group>"; };
		E1C18D412C6C949E00E27555 /* Info.plist */ = {isa = PBXFileReference; lastKnownFileType = text.plist.xml; path = Info.plist; sourceTree = "<group>"; };
		E1C18D472C6CD72800E27555 /* MainViewController.swift */ = {isa = PBXFileReference; lastKnownFileType = sourcecode.swift; path = MainViewController.swift; sourceTree = "<group>"; };
		E1C18D4E2C6CE6BA00E27555 /* DescViewController.swift */ = {isa = PBXFileReference; lastKnownFileType = sourcecode.swift; path = DescViewController.swift; sourceTree = "<group>"; };
/* End PBXFileReference section */

/* Begin PBXFrameworksBuildPhase section */
		E1C18D2D2C6C949C00E27555 /* Frameworks */ = {
			isa = PBXFrameworksBuildPhase;
			buildActionMask = 2147483647;
			files = (
				C48F1FDE68E5B1B736E366B7 /* Pods_OlySupapp.framework in Frameworks */,
			);
			runOnlyForDeploymentPostprocessing = 0;
		};
/* End PBXFrameworksBuildPhase section */

/* Begin PBXGroup section */
		1A66638B81B42EE8A50093D2 /* Frameworks */ = {
			isa = PBXGroup;
			children = (
				90D1918C7B4D5D7B0D307747 /* Pods_OlySupapp.framework */,
			);
			name = Frameworks;
			sourceTree = "<group>";
		};
		4E3ED356E1252F96329FC7DC /* Pods */ = {
			isa = PBXGroup;
			children = (
				6E694E4C9F768B2CE78B158B /* Pods-OlySupapp.debug.xcconfig */,
				343E5F1F88670BB5D8BFE46E /* Pods-OlySupapp.release.xcconfig */,
			);
			path = Pods;
			sourceTree = "<group>";
		};
		E1C18D272C6C949C00E27555 = {
			isa = PBXGroup;
			children = (
				E1C18D322C6C949C00E27555 /* OlySupapp */,
				E1C18D312C6C949C00E27555 /* Products */,
				4E3ED356E1252F96329FC7DC /* Pods */,
				1A66638B81B42EE8A50093D2 /* Frameworks */,
			);
			sourceTree = "<group>";
		};
		E1C18D312C6C949C00E27555 /* Products */ = {
			isa = PBXGroup;
			children = (
				E1C18D302C6C949C00E27555 /* OlySupapp.app */,
			);
			name = Products;
			sourceTree = "<group>";
		};
		E1C18D322C6C949C00E27555 /* OlySupapp */ = {
			isa = PBXGroup;
			children = (
				E1C18D332C6C949C00E27555 /* AppDelegate.swift */,
				E1C18D352C6C949C00E27555 /* SceneDelegate.swift */,
				E1C18D372C6C949C00E27555 /* ViewController.swift */,
				E1C18D472C6CD72800E27555 /* MainViewController.swift */,
				E1C18D4E2C6CE6BA00E27555 /* DescViewController.swift */,
				E1C18D392C6C949C00E27555 /* Main.storyboard */,
				E1C18D3C2C6C949E00E27555 /* Assets.xcassets */,
				E1C18D3E2C6C949E00E27555 /* LaunchScreen.storyboard */,
				E1C18D412C6C949E00E27555 /* Info.plist */,
			);
			path = OlySupapp;
			sourceTree = "<group>";
		};
/* End PBXGroup section */

/* Begin PBXNativeTarget section */
		E1C18D2F2C6C949C00E27555 /* OlySupapp */ = {
			isa = PBXNativeTarget;
			buildConfigurationList = E1C18D442C6C949E00E27555 /* Build configuration list for PBXNativeTarget "OlySupapp" */;
			buildPhases = (
				CE7BF1C3C24B8959A77A9466 /* [CP] Check Pods Manifest.lock */,
				E1C18D2C2C6C949C00E27555 /* Sources */,
				E1C18D2D2C6C949C00E27555 /* Frameworks */,
				E1C18D2E2C6C949C00E27555 /* Resources */,
				0D11D043C69B6748B63D528C /* [CP] Embed Pods Frameworks */,
			);
			buildRules = (
			);
			dependencies = (
			);
			name = OlySupapp;
			productName = OlySupapp;
			productReference = E1C18D302C6C949C00E27555 /* OlySupapp.app */;
			productType = "com.apple.product-type.application";
		};
/* End PBXNativeTarget section */

/* Begin PBXProject section */
		E1C18D282C6C949C00E27555 /* Project object */ = {
			isa = PBXProject;
			attributes = {
				BuildIndependentTargetsInParallel = 1;
				LastSwiftUpdateCheck = 1520;
				LastUpgradeCheck = 1520;
				TargetAttributes = {
					E1C18D2F2C6C949C00E27555 = {
						CreatedOnToolsVersion = 15.2;
					};
				};
			};
			buildConfigurationList = E1C18D2B2C6C949C00E27555 /* Build configuration list for PBXProject "OlySupapp" */;
			compatibilityVersion = "Xcode 14.0";
			developmentRegion = en;
			hasScannedForEncodings = 0;
			knownRegions = (
				en,
				Base,
			);
			mainGroup = E1C18D272C6C949C00E27555;
			productRefGroup = E1C18D312C6C949C00E27555 /* Products */;
			projectDirPath = "";
			projectRoot = "";
			targets = (
				E1C18D2F2C6C949C00E27555 /* OlySupapp */,
			);
		};
/* End PBXProject section */

/* Begin PBXResourcesBuildPhase section */
		E1C18D2E2C6C949C00E27555 /* Resources */ = {
			isa = PBXResourcesBuildPhase;
			buildActionMask = 2147483647;
			files = (
				E1C18D402C6C949E00E27555 /* LaunchScreen.storyboard in Resources */,
				E1C18D3D2C6C949E00E27555 /* Assets.xcassets in Resources */,
				E1C18D3B2C6C949C00E27555 /* Main.storyboard in Resources */,
			);
			runOnlyForDeploymentPostprocessing = 0;
		};
/* End PBXResourcesBuildPhase section */

/* Begin PBXShellScriptBuildPhase section */
		0D11D043C69B6748B63D528C /* [CP] Embed Pods Frameworks */ = {
			isa = PBXShellScriptBuildPhase;
			buildActionMask = 2147483647;
			files = (
			);
			inputFileListPaths = (
				"${PODS_ROOT}/Target Support Files/Pods-OlySupapp/Pods-OlySupapp-frameworks-${CONFIGURATION}-input-files.xcfilelist",
			);
			name = "[CP] Embed Pods Frameworks";
			outputFileListPaths = (
				"${PODS_ROOT}/Target Support Files/Pods-OlySupapp/Pods-OlySupapp-frameworks-${CONFIGURATION}-output-files.xcfilelist",
			);
			runOnlyForDeploymentPostprocessing = 0;
			shellPath = /bin/sh;
			shellScript = "\"${PODS_ROOT}/Target Support Files/Pods-OlySupapp/Pods-OlySupapp-frameworks.sh\"\n";
			showEnvVarsInLog = 0;
		};
		CE7BF1C3C24B8959A77A9466 /* [CP] Check Pods Manifest.lock */ = {
			isa = PBXShellScriptBuildPhase;
			buildActionMask = 2147483647;
			files = (
			);
			inputFileListPaths = (
			);
			inputPaths = (
				"${PODS_PODFILE_DIR_PATH}/Podfile.lock",
				"${PODS_ROOT}/Manifest.lock",
			);
			name = "[CP] Check Pods Manifest.lock";
			outputFileListPaths = (
			);
			outputPaths = (
				"$(DERIVED_FILE_DIR)/Pods-OlySupapp-checkManifestLockResult.txt",
			);
			runOnlyForDeploymentPostprocessing = 0;
			shellPath = /bin/sh;
			shellScript = "diff \"${PODS_PODFILE_DIR_PATH}/Podfile.lock\" \"${PODS_ROOT}/Manifest.lock\" > /dev/null\nif [ $? != 0 ] ; then\n    # print error to STDERR\n    echo \"error: The sandbox is not in sync with the Podfile.lock. Run 'pod install' or update your CocoaPods installation.\" >&2\n    exit 1\nfi\n# This output is used by Xcode 'outputs' to avoid re-running this script phase.\necho \"SUCCESS\" > \"${SCRIPT_OUTPUT_FILE_0}\"\n";
			showEnvVarsInLog = 0;
		};
/* End PBXShellScriptBuildPhase section */

/* Begin PBXSourcesBuildPhase section */
		E1C18D2C2C6C949C00E27555 /* Sources */ = {
			isa = PBXSourcesBuildPhase;
			buildActionMask = 2147483647;
			files = (
				E1C18D4F2C6CE6BA00E27555 /* DescViewController.swift in Sources */,
				E1C18D382C6C949C00E27555 /* ViewController.swift in Sources */,
				E1C18D342C6C949C00E27555 /* AppDelegate.swift in Sources */,
				E1C18D362C6C949C00E27555 /* SceneDelegate.swift in Sources */,
				E1C18D482C6CD72800E27555 /* MainViewController.swift in Sources */,
			);
			runOnlyForDeploymentPostprocessing = 0;
		};
/* End PBXSourcesBuildPhase section */

/* Begin PBXVariantGroup section */
		E1C18D392C6C949C00E27555 /* Main.storyboard */ = {
			isa = PBXVariantGroup;
			children = (
				E1C18D3A2C6C949C00E27555 /* Base */,
			);
			name = Main.storyboard;
			sourceTree = "<group>";
		};
		E1C18D3E2C6C949E00E27555 /* LaunchScreen.storyboard */ = {
			isa = PBXVariantGroup;
			children = (
				E1C18D3F2C6C949E00E27555 /* Base */,
			);
			name = LaunchScreen.storyboard;
			sourceTree = "<group>";
		};
/* End PBXVariantGroup section */

/* Begin XCBuildConfiguration section */
		E1C18D422C6C949E00E27555 /* Debug */ = {
			isa = XCBuildConfiguration;
			buildSettings = {
				ALWAYS_SEARCH_USER_PATHS = NO;
				ASSETCATALOG_COMPILER_GENERATE_SWIFT_ASSET_SYMBOL_EXTENSIONS = YES;
				CLANG_ANALYZER_NONNULL = YES;
				CLANG_ANALYZER_NUMBER_OBJECT_CONVERSION = YES_AGGRESSIVE;
				CLANG_CXX_LANGUAGE_STANDARD = "gnu++20";
				CLANG_ENABLE_MODULES = YES;
				CLANG_ENABLE_OBJC_ARC = YES;
				CLANG_ENABLE_OBJC_WEAK = YES;
				CLANG_WARN_BLOCK_CAPTURE_AUTORELEASING = YES;
				CLANG_WARN_BOOL_CONVERSION = YES;
				CLANG_WARN_COMMA = YES;
				CLANG_WARN_CONSTANT_CONVERSION = YES;
				CLANG_WARN_DEPRECATED_OBJC_IMPLEMENTATIONS = YES;
				CLANG_WARN_DIRECT_OBJC_ISA_USAGE = YES_ERROR;
				CLANG_WARN_DOCUMENTATION_COMMENTS = YES;
				CLANG_WARN_EMPTY_BODY = YES;
				CLANG_WARN_ENUM_CONVERSION = YES;
				CLANG_WARN_INFINITE_RECURSION = YES;
				CLANG_WARN_INT_CONVERSION = YES;
				CLANG_WARN_NON_LITERAL_NULL_CONVERSION = YES;
				CLANG_WARN_OBJC_IMPLICIT_RETAIN_SELF = YES;
				CLANG_WARN_OBJC_LITERAL_CONVERSION = YES;
				CLANG_WARN_OBJC_ROOT_CLASS = YES_ERROR;
				CLANG_WARN_QUOTED_INCLUDE_IN_FRAMEWORK_HEADER = YES;
				CLANG_WARN_RANGE_LOOP_ANALYSIS = YES;
				CLANG_WARN_STRICT_PROTOTYPES = YES;
				CLANG_WARN_SUSPICIOUS_MOVE = YES;
				CLANG_WARN_UNGUARDED_AVAILABILITY = YES_AGGRESSIVE;
				CLANG_WARN_UNREACHABLE_CODE = YES;
				CLANG_WARN__DUPLICATE_METHOD_MATCH = YES;
				COPY_PHASE_STRIP = NO;
				DEBUG_INFORMATION_FORMAT = dwarf;
				ENABLE_STRICT_OBJC_MSGSEND = YES;
				ENABLE_TESTABILITY = YES;
				ENABLE_USER_SCRIPT_SANDBOXING = YES;
				GCC_C_LANGUAGE_STANDARD = gnu17;
				GCC_DYNAMIC_NO_PIC = NO;
				GCC_NO_COMMON_BLOCKS = YES;
				GCC_OPTIMIZATION_LEVEL = 0;
				GCC_PREPROCESSOR_DEFINITIONS = (
					"DEBUG=1",
					"$(inherited)",
				);
				GCC_WARN_64_TO_32_BIT_CONVERSION = YES;
				GCC_WARN_ABOUT_RETURN_TYPE = YES_ERROR;
				GCC_WARN_UNDECLARED_SELECTOR = YES;
				GCC_WARN_UNINITIALIZED_AUTOS = YES_AGGRESSIVE;
				GCC_WARN_UNUSED_FUNCTION = YES;
				GCC_WARN_UNUSED_VARIABLE = YES;
				IPHONEOS_DEPLOYMENT_TARGET = 15.0;
				LOCALIZATION_PREFERS_STRING_CATALOGS = YES;
				MTL_ENABLE_DEBUG_INFO = INCLUDE_SOURCE;
				MTL_FAST_MATH = YES;
				ONLY_ACTIVE_ARCH = YES;
				SDKROOT = iphoneos;
				SWIFT_ACTIVE_COMPILATION_CONDITIONS = "DEBUG $(inherited)";
				SWIFT_OPTIMIZATION_LEVEL = "-Onone";
			};
			name = Debug;
		};
		E1C18D432C6C949E00E27555 /* Release */ = {
			isa = XCBuildConfiguration;
			buildSettings = {
				ALWAYS_SEARCH_USER_PATHS = NO;
				ASSETCATALOG_COMPILER_GENERATE_SWIFT_ASSET_SYMBOL_EXTENSIONS = YES;
				CLANG_ANALYZER_NONNULL = YES;
				CLANG_ANALYZER_NUMBER_OBJECT_CONVERSION = YES_AGGRESSIVE;
				CLANG_CXX_LANGUAGE_STANDARD = "gnu++20";
				CLANG_ENABLE_MODULES = YES;
				CLANG_ENABLE_OBJC_ARC = YES;
				CLANG_ENABLE_OBJC_WEAK = YES;
				CLANG_WARN_BLOCK_CAPTURE_AUTORELEASING = YES;
				CLANG_WARN_BOOL_CONVERSION = YES;
				CLANG_WARN_COMMA = YES;
				CLANG_WARN_CONSTANT_CONVERSION = YES;
				CLANG_WARN_DEPRECATED_OBJC_IMPLEMENTATIONS = YES;
				CLANG_WARN_DIRECT_OBJC_ISA_USAGE = YES_ERROR;
				CLANG_WARN_DOCUMENTATION_COMMENTS = YES;
				CLANG_WARN_EMPTY_BODY = YES;
				CLANG_WARN_ENUM_CONVERSION = YES;
				CLANG_WARN_INFINITE_RECURSION = YES;
				CLANG_WARN_INT_CONVERSION = YES;
				CLANG_WARN_NON_LITERAL_NULL_CONVERSION = YES;
				CLANG_WARN_OBJC_IMPLICIT_RETAIN_SELF = YES;
				CLANG_WARN_OBJC_LITERAL_CONVERSION = YES;
				CLANG_WARN_OBJC_ROOT_CLASS = YES_ERROR;
				CLANG_WARN_QUOTED_INCLUDE_IN_FRAMEWORK_HEADER = YES;
				CLANG_WARN_RANGE_LOOP_ANALYSIS = YES;
				CLANG_WARN_STRICT_PROTOTYPES = YES;
				CLANG_WARN_SUSPICIOUS_MOVE = YES;
				CLANG_WARN_UNGUARDED_AVAILABILITY = YES_AGGRESSIVE;
				CLANG_WARN_UNREACHABLE_CODE = YES;
				CLANG_WARN__DUPLICATE_METHOD_MATCH = YES;
				COPY_PHASE_STRIP = NO;
				DEBUG_INFORMATION_FORMAT = "dwarf-with-dsym";
				ENABLE_NS_ASSERTIONS = NO;
				ENABLE_STRICT_OBJC_MSGSEND = YES;
				ENABLE_USER_SCRIPT_SANDBOXING = YES;
				GCC_C_LANGUAGE_STANDARD = gnu17;
				GCC_NO_COMMON_BLOCKS = YES;
				GCC_WARN_64_TO_32_BIT_CONVERSION = YES;
				GCC_WARN_ABOUT_RETURN_TYPE = YES_ERROR;
				GCC_WARN_UNDECLARED_SELECTOR = YES;
				GCC_WARN_UNINITIALIZED_AUTOS = YES_AGGRESSIVE;
				GCC_WARN_UNUSED_FUNCTION = YES;
				GCC_WARN_UNUSED_VARIABLE = YES;
				IPHONEOS_DEPLOYMENT_TARGET = 15.0;
				LOCALIZATION_PREFERS_STRING_CATALOGS = YES;
				MTL_ENABLE_DEBUG_INFO = NO;
				MTL_FAST_MATH = YES;
				SDKROOT = iphoneos;
				SWIFT_COMPILATION_MODE = wholemodule;
				VALIDATE_PRODUCT = YES;
			};
			name = Release;
		};
		E1C18D452C6C949E00E27555 /* Debug */ = {
			isa = XCBuildConfiguration;
			baseConfigurationReference = 6E694E4C9F768B2CE78B158B /* Pods-OlySupapp.debug.xcconfig */;
			buildSettings = {
				ASSETCATALOG_COMPILER_APPICON_NAME = AppIcon;
				ASSETCATALOG_COMPILER_GLOBAL_ACCENT_COLOR_NAME = AccentColor;
				CODE_SIGN_STYLE = Manual;
				CURRENT_PROJECT_VERSION = 1;
				DEVELOPMENT_TEAM = "";
				ENABLE_USER_SCRIPT_SANDBOXING = NO;
				GENERATE_INFOPLIST_FILE = YES;
				INFOPLIST_FILE = OlySupapp/Info.plist;
				INFOPLIST_KEY_CFBundleDisplayName = "Olympus Supreme";
				INFOPLIST_KEY_UIApplicationSupportsIndirectInputEvents = YES;
				INFOPLIST_KEY_UILaunchStoryboardName = LaunchScreen;
				INFOPLIST_KEY_UIMainStoryboardFile = Main;
				INFOPLIST_KEY_UISupportedInterfaceOrientations_iPad = "UIInterfaceOrientationPortrait UIInterfaceOrientationPortraitUpsideDown UIInterfaceOrientationLandscapeLeft UIInterfaceOrientationLandscapeRight";
				INFOPLIST_KEY_UISupportedInterfaceOrientations_iPhone = "UIInterfaceOrientationPortrait UIInterfaceOrientationLandscapeLeft UIInterfaceOrientationLandscapeRight";
				IPHONEOS_DEPLOYMENT_TARGET = 15.0;
				LD_RUNPATH_SEARCH_PATHS = (
					"$(inherited)",
					"@executable_path/Frameworks",
				);
				MARKETING_VERSION = 1.0;
				PRODUCT_BUNDLE_IDENTIFIER = com.olymp.ussep.reme;
				PRODUCT_NAME = "$(TARGET_NAME)";
				PROVISIONING_PROFILE_SPECIFIER = "";
				SWIFT_EMIT_LOC_STRINGS = YES;
				SWIFT_VERSION = 5.0;
				TARGETED_DEVICE_FAMILY = "1,2";
			};
			name = Debug;
		};
		E1C18D462C6C949E00E27555 /* Release */ = {
			isa = XCBuildConfiguration;
			baseConfigurationReference = 343E5F1F88670BB5D8BFE46E /* Pods-OlySupapp.release.xcconfig */;
			buildSettings = {
				ASSETCATALOG_COMPILER_APPICON_NAME = AppIcon;
				ASSETCATALOG_COMPILER_GLOBAL_ACCENT_COLOR_NAME = AccentColor;
				CODE_SIGN_STYLE = Manual;
				CURRENT_PROJECT_VERSION = 1;
				DEVELOPMENT_TEAM = "";
				ENABLE_USER_SCRIPT_SANDBOXING = NO;
				GENERATE_INFOPLIST_FILE = YES;
				INFOPLIST_FILE = OlySupapp/Info.plist;
				INFOPLIST_KEY_CFBundleDisplayName = "Olympus Supreme";
				INFOPLIST_KEY_UIApplicationSupportsIndirectInputEvents = YES;
				INFOPLIST_KEY_UILaunchStoryboardName = LaunchScreen;
				INFOPLIST_KEY_UIMainStoryboardFile = Main;
				INFOPLIST_KEY_UISupportedInterfaceOrientations_iPad = "UIInterfaceOrientationPortrait UIInterfaceOrientationPortraitUpsideDown UIInterfaceOrientationLandscapeLeft UIInterfaceOrientationLandscapeRight";
				INFOPLIST_KEY_UISupportedInterfaceOrientations_iPhone = "UIInterfaceOrientationPortrait UIInterfaceOrientationLandscapeLeft UIInterfaceOrientationLandscapeRight";
				IPHONEOS_DEPLOYMENT_TARGET = 15.0;
				LD_RUNPATH_SEARCH_PATHS = (
					"$(inherited)",
					"@executable_path/Frameworks",
				);
				MARKETING_VERSION = 1.0;
				PRODUCT_BUNDLE_IDENTIFIER = com.olymp.ussep.reme;
				PRODUCT_NAME = "$(TARGET_NAME)";
				PROVISIONING_PROFILE_SPECIFIER = "";
				SWIFT_EMIT_LOC_STRINGS = YES;
				SWIFT_VERSION = 5.0;
				TARGETED_DEVICE_FAMILY = "1,2";
			};
			name = Release;
		};
/* End XCBuildConfiguration section */

/* Begin XCConfigurationList section */
		E1C18D2B2C6C949C00E27555 /* Build configuration list for PBXProject "OlySupapp" */ = {
			isa = XCConfigurationList;
			buildConfigurations = (
				E1C18D422C6C949E00E27555 /* Debug */,
				E1C18D432C6C949E00E27555 /* Release */,
			);
			defaultConfigurationIsVisible = 0;
			defaultConfigurationName = Release;
		};
		E1C18D442C6C949E00E27555 /* Build configuration list for PBXNativeTarget "OlySupapp" */ = {
			isa = XCConfigurationList;
			buildConfigurations = (
				E1C18D452C6C949E00E27555 /* Debug */,
				E1C18D462C6C949E00E27555 /* Release */,
			);
			defaultConfigurationIsVisible = 0;
			defaultConfigurationName = Release;
		};
/* End XCConfigurationList section */
	};
	rootObject = E1C18D282C6C949C00E27555 /* Project object */;
}
